
Microsoft Visual Studio Solution File, Format Version 12.00
# Visual Studio Version 17
VisualStudioVersion = 17.5.33502.453
MinimumVisualStudioVersion = 10.0.40219.1
Project("{FAE04EC0-301F-11D3-BF4B-00C04F79EFBC}") = "WheatherApp", "WheatherApp.csproj", "{5AADB583-80CE-4F65-8CD6-4C482679B1B4}"
EndProject
Global
	GlobalSection(SolutionConfigurationPlatforms) = preSolution
		Debug|Any CPU = Debug|Any CPU
		Release|Any CPU = Release|Any CPU
	EndGlobalSection
	GlobalSection(ProjectConfigurationPlatforms) = postSolution
		{5AADB583-80CE-4F65-8CD6-4C482679B1B4}.Debug|Any CPU.ActiveCfg = Debug|Any CPU
		{5AADB583-80CE-4F65-8CD6-4C482679B1B4}.Debug|Any CPU.Build.0 = Debug|Any CPU
		{5AADB583-80CE-4F65-8CD6-4C482679B1B4}.Release|Any CPU.ActiveCfg = Release|Any CPU
		{5AADB583-80CE-4F65-8CD6-4C482679B1B4}.Release|Any CPU.Build.0 = Release|Any CPU
	EndGlobalSection
	GlobalSection(SolutionProperties) = preSolution
		HideSolutionNode = FALSE
	EndGlobalSection
	GlobalSection(ExtensibilityGlobals) = postSolution
		SolutionGuid = {483ECA6A-5927-4511-B10C-07E2535D97E3}
	EndGlobalSection
EndGlobal
